
Microsoft Visual Studio Solution File, Format Version 12.00
# Visual Studio Version 16
VisualStudioVersion = 16.0.30114.105
MinimumVisualStudioVersion = 10.0.40219.1
Project("{FAE04EC0-301F-11D3-BF4B-00C04F79EFBC}") = "TrackerRun", "TrackerRun\TrackerRun.csproj", "{9F3CAC8F-1C27-4B6E-8E8A-C2AD1171C422}"
EndProject
Project("{FAE04EC0-301F-11D3-BF4B-00C04F79EFBC}") = "Models", "Models\Models.csproj", "{13CD75A9-427C-4132-898C-5C3CFE2F3C83}"
EndProject
Project("{FAE04EC0-301F-11D3-BF4B-00C04F79EFBC}") = "Common", "Common\Common.csproj", "{0D36E9E8-BC2C-41B5-9B84-0980DE92AB7E}"
EndProject
Global
	GlobalSection(SolutionConfigurationPlatforms) = preSolution
		Debug|Any CPU = Debug|Any CPU
		Release|Any CPU = Release|Any CPU
	EndGlobalSection
	GlobalSection(SolutionProperties) = preSolution
		HideSolutionNode = FALSE
	EndGlobalSection
	GlobalSection(ProjectConfigurationPlatforms) = postSolution
		{9F3CAC8F-1C27-4B6E-8E8A-C2AD1171C422}.Debug|Any CPU.ActiveCfg = Debug|Any CPU
		{9F3CAC8F-1C27-4B6E-8E8A-C2AD1171C422}.Debug|Any CPU.Build.0 = Debug|Any CPU
		{9F3CAC8F-1C27-4B6E-8E8A-C2AD1171C422}.Release|Any CPU.ActiveCfg = Release|Any CPU
		{9F3CAC8F-1C27-4B6E-8E8A-C2AD1171C422}.Release|Any CPU.Build.0 = Release|Any CPU
		{13CD75A9-427C-4132-898C-5C3CFE2F3C83}.Debug|Any CPU.ActiveCfg = Debug|Any CPU
		{13CD75A9-427C-4132-898C-5C3CFE2F3C83}.Debug|Any CPU.Build.0 = Debug|Any CPU
		{13CD75A9-427C-4132-898C-5C3CFE2F3C83}.Release|Any CPU.ActiveCfg = Release|Any CPU
		{13CD75A9-427C-4132-898C-5C3CFE2F3C83}.Release|Any CPU.Build.0 = Release|Any CPU
		{0D36E9E8-BC2C-41B5-9B84-0980DE92AB7E}.Debug|Any CPU.ActiveCfg = Debug|Any CPU
		{0D36E9E8-BC2C-41B5-9B84-0980DE92AB7E}.Debug|Any CPU.Build.0 = Debug|Any CPU
		{0D36E9E8-BC2C-41B5-9B84-0980DE92AB7E}.Release|Any CPU.ActiveCfg = Release|Any CPU
		{0D36E9E8-BC2C-41B5-9B84-0980DE92AB7E}.Release|Any CPU.Build.0 = Release|Any CPU
	EndGlobalSection
EndGlobal
