Microsoft Visual Studio Solution File, Format Version 12.00
# Visual Studio Version 16
VisualStudioVersion = 16.0.0.0
MinimumVisualStudioVersion = 16.0.0.0
Project("{9A19103F-16F7-4668-BE54-9A1E7A4F7556}") = "GoodsTracker.Server", "Server\GoodsTracker.Server.csproj", "{D1252824-0230-4BE8-958C-F120BF9BE6E7}"
EndProject
Project("{9A19103F-16F7-4668-BE54-9A1E7A4F7556}") = "GoodsTracker.Client", "Client\GoodsTracker.Client.csproj", "{95164943-D4D6-4904-AF76-AEC2C6BFD75D}"
EndProject
Project("{9A19103F-16F7-4668-BE54-9A1E7A4F7556}") = "GoodsTracker.Shared", "Shared\GoodsTracker.Shared.csproj", "{02AE0FF0-5F8B-4F72-92CF-31760C8E8A6F}"
EndProject
Global
	GlobalSection(SolutionConfigurationPlatforms) = preSolution
		Debug|Any CPU = Debug|Any CPU
		Debug|x64 = Debug|x64
		Debug|x86 = Debug|x86
		Release|Any CPU = Release|Any CPU
		Release|x64 = Release|x64
		Release|x86 = Release|x86
	EndGlobalSection
	GlobalSection(ProjectConfigurationPlatforms) = postSolution
		{95164943-D4D6-4904-AF76-AEC2C6BFD75D}.Debug|Any CPU.ActiveCfg = Debug|Any CPU
		{95164943-D4D6-4904-AF76-AEC2C6BFD75D}.Debug|Any CPU.Build.0 = Debug|Any CPU
		{95164943-D4D6-4904-AF76-AEC2C6BFD75D}.Debug|x64.ActiveCfg = Debug|Any CPU
		{95164943-D4D6-4904-AF76-AEC2C6BFD75D}.Debug|x64.Build.0 = Debug|Any CPU
		{95164943-D4D6-4904-AF76-AEC2C6BFD75D}.Debug|x86.ActiveCfg = Debug|Any CPU
		{95164943-D4D6-4904-AF76-AEC2C6BFD75D}.Debug|x86.Build.0 = Debug|Any CPU
		{95164943-D4D6-4904-AF76-AEC2C6BFD75D}.Release|Any CPU.ActiveCfg = Release|Any CPU
		{95164943-D4D6-4904-AF76-AEC2C6BFD75D}.Release|Any CPU.Build.0 = Release|Any CPU
		{95164943-D4D6-4904-AF76-AEC2C6BFD75D}.Release|x64.ActiveCfg = Release|Any CPU
		{95164943-D4D6-4904-AF76-AEC2C6BFD75D}.Release|x64.Build.0 = Release|Any CPU
		{95164943-D4D6-4904-AF76-AEC2C6BFD75D}.Release|x86.ActiveCfg = Release|Any CPU
		{95164943-D4D6-4904-AF76-AEC2C6BFD75D}.Release|x86.Build.0 = Release|Any CPU
		{D1252824-0230-4BE8-958C-F120BF9BE6E7}.Debug|Any CPU.ActiveCfg = Debug|Any CPU
		{D1252824-0230-4BE8-958C-F120BF9BE6E7}.Debug|Any CPU.Build.0 = Debug|Any CPU
		{D1252824-0230-4BE8-958C-F120BF9BE6E7}.Debug|x64.ActiveCfg = Debug|Any CPU
		{D1252824-0230-4BE8-958C-F120BF9BE6E7}.Debug|x64.Build.0 = Debug|Any CPU
		{D1252824-0230-4BE8-958C-F120BF9BE6E7}.Debug|x86.ActiveCfg = Debug|Any CPU
		{D1252824-0230-4BE8-958C-F120BF9BE6E7}.Debug|x86.Build.0 = Debug|Any CPU
		{D1252824-0230-4BE8-958C-F120BF9BE6E7}.Release|Any CPU.ActiveCfg = Release|Any CPU
		{D1252824-0230-4BE8-958C-F120BF9BE6E7}.Release|Any CPU.Build.0 = Release|Any CPU
		{D1252824-0230-4BE8-958C-F120BF9BE6E7}.Release|x64.ActiveCfg = Release|Any CPU
		{D1252824-0230-4BE8-958C-F120BF9BE6E7}.Release|x64.Build.0 = Release|Any CPU
		{D1252824-0230-4BE8-958C-F120BF9BE6E7}.Release|x86.ActiveCfg = Release|Any CPU
		{D1252824-0230-4BE8-958C-F120BF9BE6E7}.Release|x86.Build.0 = Release|Any CPU
		{02AE0FF0-5F8B-4F72-92CF-31760C8E8A6F}.Debug|Any CPU.ActiveCfg = Debug|Any CPU
		{02AE0FF0-5F8B-4F72-92CF-31760C8E8A6F}.Debug|Any CPU.Build.0 = Debug|Any CPU
		{02AE0FF0-5F8B-4F72-92CF-31760C8E8A6F}.Debug|x64.ActiveCfg = Debug|Any CPU
		{02AE0FF0-5F8B-4F72-92CF-31760C8E8A6F}.Debug|x64.Build.0 = Debug|Any CPU
		{02AE0FF0-5F8B-4F72-92CF-31760C8E8A6F}.Debug|x86.ActiveCfg = Debug|Any CPU
		{02AE0FF0-5F8B-4F72-92CF-31760C8E8A6F}.Debug|x86.Build.0 = Debug|Any CPU
		{02AE0FF0-5F8B-4F72-92CF-31760C8E8A6F}.Release|Any CPU.ActiveCfg = Release|Any CPU
		{02AE0FF0-5F8B-4F72-92CF-31760C8E8A6F}.Release|Any CPU.Build.0 = Release|Any CPU
		{02AE0FF0-5F8B-4F72-92CF-31760C8E8A6F}.Release|x64.ActiveCfg = Release|Any CPU
		{02AE0FF0-5F8B-4F72-92CF-31760C8E8A6F}.Release|x64.Build.0 = Release|Any CPU
		{02AE0FF0-5F8B-4F72-92CF-31760C8E8A6F}.Release|x86.ActiveCfg = Release|Any CPU
		{02AE0FF0-5F8B-4F72-92CF-31760C8E8A6F}.Release|x86.Build.0 = Release|Any CPU
	EndGlobalSection
	GlobalSection(SolutionProperties) = preSolution
		HideSolutionNode = FALSE
	EndGlobalSection
	GlobalSection(ExtensibilityGlobals) = postSolution
		SolutionGuid = {B1824378-E795-49A0-9B69-8EFC68DCFA94}
	EndGlobalSection
EndGlobal